
Microsoft Visual Studio Solution File, Format Version 12.00
# Visual Studio Version 17
VisualStudioVersion = 17.12.35707.178
MinimumVisualStudioVersion = 10.0.40219.1
Project("{FAE04EC0-301F-11D3-BF4B-00C04F79EFBC}") = "beautysalon", "beautysalon.csproj", "{9DE1C77F-8D00-4B51-A4F6-F4681A1D4F96}"
EndProject
Project("{FAE04EC0-301F-11D3-BF4B-00C04F79EFBC}") = "beautysalonTEST", "..\beautysalonTEST\beautysalonTEST.csproj", "{2F9E1C41-5A1C-4939-B395-823BC456B5D3}"
EndProject
Global
	GlobalSection(SolutionConfigurationPlatforms) = preSolution
		Debug|Any CPU = Debug|Any CPU
		Release|Any CPU = Release|Any CPU
	EndGlobalSection
	GlobalSection(ProjectConfigurationPlatforms) = postSolution
		{9DE1C77F-8D00-4B51-A4F6-F4681A1D4F96}.Debug|Any CPU.ActiveCfg = Debug|Any CPU
		{9DE1C77F-8D00-4B51-A4F6-F4681A1D4F96}.Debug|Any CPU.Build.0 = Debug|Any CPU
		{9DE1C77F-8D00-4B51-A4F6-F4681A1D4F96}.Release|Any CPU.ActiveCfg = Release|Any CPU
		{9DE1C77F-8D00-4B51-A4F6-F4681A1D4F96}.Release|Any CPU.Build.0 = Release|Any CPU
		{2F9E1C41-5A1C-4939-B395-823BC456B5D3}.Debug|Any CPU.ActiveCfg = Debug|Any CPU
		{2F9E1C41-5A1C-4939-B395-823BC456B5D3}.Debug|Any CPU.Build.0 = Debug|Any CPU
		{2F9E1C41-5A1C-4939-B395-823BC456B5D3}.Release|Any CPU.ActiveCfg = Release|Any CPU
		{2F9E1C41-5A1C-4939-B395-823BC456B5D3}.Release|Any CPU.Build.0 = Release|Any CPU
	EndGlobalSection
	GlobalSection(SolutionProperties) = preSolution
		HideSolutionNode = FALSE
	EndGlobalSection
EndGlobal
